{
  "object": {
    "pins": [
      {
        "package": "SharkUtils",
        "repositoryURL": "git@github.com:gymshark/ios-Shark-Utils.git",
        "state": {
          "branch": null,
          "revision": "30404459090b9111afc4b2a599aa2a0b53c93971",
          "version": "1.0.2"
        }
      }
    ]
  },
  "version": 1
}
