{
  "object": {
    "pins": [
      {
        "package": "SharkUtils",
        "repositoryURL": "git@github.com:gymshark/ios-Shark-Utils.git",
        "state": {
          "branch": null,
          "revision": "377455779103d45f537ae202b2dbb8575575dc92",
          "version": "1.0.5"
        }
      }
    ]
  },
  "version": 1
}
